
Microsoft Visual Studio Solution File, Format Version 12.00
# Visual Studio Version 17
VisualStudioVersion = 17.3.32825.248
MinimumVisualStudioVersion = 10.0.40219.1
Project("{FAE04EC0-301F-11D3-BF4B-00C04F79EFBC}") = "BulkyBookWeb", "BulkyBookWeb.csproj", "{75AC6DA7-0067-4370-88F8-71F4034BC892}"
EndProject
Global
	GlobalSection(SolutionConfigurationPlatforms) = preSolution
		Debug|Any CPU = Debug|Any CPU
		Release|Any CPU = Release|Any CPU
	EndGlobalSection
	GlobalSection(ProjectConfigurationPlatforms) = postSolution
		{75AC6DA7-0067-4370-88F8-71F4034BC892}.Debug|Any CPU.ActiveCfg = Debug|Any CPU
		{75AC6DA7-0067-4370-88F8-71F4034BC892}.Debug|Any CPU.Build.0 = Debug|Any CPU
		{75AC6DA7-0067-4370-88F8-71F4034BC892}.Release|Any CPU.ActiveCfg = Release|Any CPU
		{75AC6DA7-0067-4370-88F8-71F4034BC892}.Release|Any CPU.Build.0 = Release|Any CPU
	EndGlobalSection
	GlobalSection(SolutionProperties) = preSolution
		HideSolutionNode = FALSE
	EndGlobalSection
	GlobalSection(ExtensibilityGlobals) = postSolution
		SolutionGuid = {CE117E15-3ADD-4A3E-BDA9-493AFAD8C11D}
	EndGlobalSection
EndGlobal
